
Microsoft Visual Studio Solution File, Format Version 12.00
# Visual Studio Version 16
VisualStudioVersion = 16.0.31321.278
MinimumVisualStudioVersion = 10.0.40219.1
Project("{FAE04EC0-301F-11D3-BF4B-00C04F79EFBC}") = "LinkShortenerAPI", "LinkShortenerAPI.csproj", "{D86A307F-7B07-4CE1-A888-D7100F888224}"
EndProject
Global
	GlobalSection(SolutionConfigurationPlatforms) = preSolution
		Debug|Any CPU = Debug|Any CPU
		Release|Any CPU = Release|Any CPU
	EndGlobalSection
	GlobalSection(ProjectConfigurationPlatforms) = postSolution
		{D86A307F-7B07-4CE1-A888-D7100F888224}.Debug|Any CPU.ActiveCfg = Debug|Any CPU
		{D86A307F-7B07-4CE1-A888-D7100F888224}.Debug|Any CPU.Build.0 = Debug|Any CPU
		{D86A307F-7B07-4CE1-A888-D7100F888224}.Release|Any CPU.ActiveCfg = Release|Any CPU
		{D86A307F-7B07-4CE1-A888-D7100F888224}.Release|Any CPU.Build.0 = Release|Any CPU
	EndGlobalSection
	GlobalSection(SolutionProperties) = preSolution
		HideSolutionNode = FALSE
	EndGlobalSection
	GlobalSection(ExtensibilityGlobals) = postSolution
		SolutionGuid = {D8476A5E-7DAA-45DC-8218-ED6298CFB108}
	EndGlobalSection
EndGlobal
